
Microsoft Visual Studio Solution File, Format Version 12.00
# Visual Studio 15
VisualStudioVersion = 15.0.27703.2018
MinimumVisualStudioVersion = 10.0.40219.1
Project("{9A19103F-16F7-4668-BE54-9A1E7A4F7556}") = "TicketOrderAPI", "TicketOrderAPI\TicketOrderAPI.csproj", "{90A91A8D-8567-4ACE-8667-9BCEE3063E9C}"
EndProject
Project("{9A19103F-16F7-4668-BE54-9A1E7A4F7556}") = "TicketOrderXUnitTest", "TicketOrderXUnitTest\TicketOrderXUnitTest.csproj", "{2AFB0811-9950-4259-87CF-04ECB17FDC90}"
EndProject
Global
	GlobalSection(SolutionConfigurationPlatforms) = preSolution
		Debug|Any CPU = Debug|Any CPU
		Release|Any CPU = Release|Any CPU
	EndGlobalSection
	GlobalSection(ProjectConfigurationPlatforms) = postSolution
		{90A91A8D-8567-4ACE-8667-9BCEE3063E9C}.Debug|Any CPU.ActiveCfg = Debug|Any CPU
		{90A91A8D-8567-4ACE-8667-9BCEE3063E9C}.Debug|Any CPU.Build.0 = Debug|Any CPU
		{90A91A8D-8567-4ACE-8667-9BCEE3063E9C}.Release|Any CPU.ActiveCfg = Release|Any CPU
		{90A91A8D-8567-4ACE-8667-9BCEE3063E9C}.Release|Any CPU.Build.0 = Release|Any CPU
		{2AFB0811-9950-4259-87CF-04ECB17FDC90}.Debug|Any CPU.ActiveCfg = Debug|Any CPU
		{2AFB0811-9950-4259-87CF-04ECB17FDC90}.Debug|Any CPU.Build.0 = Debug|Any CPU
		{2AFB0811-9950-4259-87CF-04ECB17FDC90}.Release|Any CPU.ActiveCfg = Release|Any CPU
		{2AFB0811-9950-4259-87CF-04ECB17FDC90}.Release|Any CPU.Build.0 = Release|Any CPU
	EndGlobalSection
	GlobalSection(SolutionProperties) = preSolution
		HideSolutionNode = FALSE
	EndGlobalSection
	GlobalSection(ExtensibilityGlobals) = postSolution
		SolutionGuid = {8E427DFA-CD9D-4982-9C25-1FFA2D2B3C51}
	EndGlobalSection
EndGlobal
